
Microsoft Visual Studio Solution File, Format Version 12.00
# Visual Studio Version 17
VisualStudioVersion = 17.13.35931.197 d17.13
MinimumVisualStudioVersion = 10.0.40219.1
Project("{FAE04EC0-301F-11D3-BF4B-00C04F79EFBC}") = "nafCine", "nafCine.csproj", "{8525FFBC-B383-4813-81DF-FDF2130E0FB6}"
EndProject
Global
	GlobalSection(SolutionConfigurationPlatforms) = preSolution
		Debug|Any CPU = Debug|Any CPU
		Release|Any CPU = Release|Any CPU
	EndGlobalSection
	GlobalSection(ProjectConfigurationPlatforms) = postSolution
		{8525FFBC-B383-4813-81DF-FDF2130E0FB6}.Debug|Any CPU.ActiveCfg = Debug|Any CPU
		{8525FFBC-B383-4813-81DF-FDF2130E0FB6}.Debug|Any CPU.Build.0 = Debug|Any CPU
		{8525FFBC-B383-4813-81DF-FDF2130E0FB6}.Release|Any CPU.ActiveCfg = Release|Any CPU
		{8525FFBC-B383-4813-81DF-FDF2130E0FB6}.Release|Any CPU.Build.0 = Release|Any CPU
	EndGlobalSection
	GlobalSection(SolutionProperties) = preSolution
		HideSolutionNode = FALSE
	EndGlobalSection
	GlobalSection(ExtensibilityGlobals) = postSolution
		SolutionGuid = {BBD6FA80-1A88-4ADF-84B5-6A831A25DD81}
	EndGlobalSection
EndGlobal
